
Microsoft Visual Studio Solution File, Format Version 12.00
# Visual Studio Version 17
VisualStudioVersion = 17.7.34202.233
MinimumVisualStudioVersion = 10.0.40219.1
Project("{FAE04EC0-301F-11D3-BF4B-00C04F79EFBC}") = "Reconocimiento", "Reconocimiento\Reconocimiento.csproj", "{B9F38859-A98F-454E-A2E1-43EF1A2F1F45}"
EndProject
Global
	GlobalSection(SolutionConfigurationPlatforms) = preSolution
		Debug|Any CPU = Debug|Any CPU
		Release|Any CPU = Release|Any CPU
	EndGlobalSection
	GlobalSection(ProjectConfigurationPlatforms) = postSolution
		{B9F38859-A98F-454E-A2E1-43EF1A2F1F45}.Debug|Any CPU.ActiveCfg = Debug|Any CPU
		{B9F38859-A98F-454E-A2E1-43EF1A2F1F45}.Debug|Any CPU.Build.0 = Debug|Any CPU
		{B9F38859-A98F-454E-A2E1-43EF1A2F1F45}.Release|Any CPU.ActiveCfg = Release|Any CPU
		{B9F38859-A98F-454E-A2E1-43EF1A2F1F45}.Release|Any CPU.Build.0 = Release|Any CPU
	EndGlobalSection
	GlobalSection(SolutionProperties) = preSolution
		HideSolutionNode = FALSE
	EndGlobalSection
	GlobalSection(ExtensibilityGlobals) = postSolution
		SolutionGuid = {011D767E-DE36-4AE8-8597-9620E05956DC}
	EndGlobalSection
EndGlobal
